
Microsoft Visual Studio Solution File, Format Version 12.00
# Visual Studio 15
VisualStudioVersion = 15.0.26430.12
MinimumVisualStudioVersion = 10.0.40219.1
Project("{FAE04EC0-301F-11D3-BF4B-00C04F79EFBC}") = "ServiceApplication", "ServiceApplication\ServiceApplication.csproj", "{FCCD771B-06C6-4921-AA3C-BCBEB042286D}"
EndProject
Project("{FAE04EC0-301F-11D3-BF4B-00C04F79EFBC}") = "ServiceApplication.Tests", "ServiceApplication.Tests\ServiceApplication.Tests.csproj", "{859F05DB-8B00-4173-BCA2-3DF9E293EF05}"
EndProject
Global
	GlobalSection(SolutionConfigurationPlatforms) = preSolution
		Debug|Any CPU = Debug|Any CPU
		Release|Any CPU = Release|Any CPU
	EndGlobalSection
	GlobalSection(ProjectConfigurationPlatforms) = postSolution
		{FCCD771B-06C6-4921-AA3C-BCBEB042286D}.Debug|Any CPU.ActiveCfg = Debug|Any CPU
		{FCCD771B-06C6-4921-AA3C-BCBEB042286D}.Debug|Any CPU.Build.0 = Debug|Any CPU
		{FCCD771B-06C6-4921-AA3C-BCBEB042286D}.Release|Any CPU.ActiveCfg = Release|Any CPU
		{FCCD771B-06C6-4921-AA3C-BCBEB042286D}.Release|Any CPU.Build.0 = Release|Any CPU
		{859F05DB-8B00-4173-BCA2-3DF9E293EF05}.Debug|Any CPU.ActiveCfg = Debug|Any CPU
		{859F05DB-8B00-4173-BCA2-3DF9E293EF05}.Debug|Any CPU.Build.0 = Debug|Any CPU
		{859F05DB-8B00-4173-BCA2-3DF9E293EF05}.Release|Any CPU.ActiveCfg = Release|Any CPU
		{859F05DB-8B00-4173-BCA2-3DF9E293EF05}.Release|Any CPU.Build.0 = Release|Any CPU
	EndGlobalSection
	GlobalSection(SolutionProperties) = preSolution
		HideSolutionNode = FALSE
	EndGlobalSection
EndGlobal
